{
    "_meta": {
        "hash": {
            "sha256": "92739cdaf7308cf701c3c0f972dd2213f1081bb1d68b044a0358c8b1634df496"
        },
        "pipfile-spec": 6,
        "requires": {
            "python_version": "3.9.6"
        },
        "sources": [
            {
                "name": "pypi",
                "url": "https://pypi.org/simple",
                "verify_ssl": true
            }
        ]
    },
    "default": {
        "certifi": {
            "hashes": [
                "sha256:84c85a9078b11105f04f3036a9482ae10e4621616db313fe045dd24743a0820d",
                "sha256:fe86415d55e84719d75f8b69414f6438ac3547d2078ab91b67e779ef69378412"
            ],
            "markers": "python_version >= '3.6'",
            "version": "==2022.6.15"
        },
        "charset-normalizer": {
            "hashes": [
                "sha256:2857e29ff0d34db842cd7ca3230549d1a697f96ee6d3fb071cfa6c7393832597",
                "sha256:6881edbebdb17b39b4eaaa821b438bf6eddffb4468cf344f09f89def34a8b1df"
            ],
            "markers": "python_version >= '3'",
            "version": "==2.0.12"
        },
        "idna": {
            "hashes": [
                "sha256:84d9dd047ffa80596e0f246e2eab0b391788b0503584e8945f2368256d2735ff",
                "sha256:9d643ff0a55b762d5cdb124b8eaa99c66322e2157b69160bc32796e824360e6d"
            ],
            "markers": "python_version >= '3'",
            "version": "==3.3"
        },
        "numpy": {
            "hashes": [
                "sha256:0cfe07133fd00b27edee5e6385e333e9eeb010607e8a46e1cd673f05f8596595",
                "sha256:11a1f3816ea82eed4178102c56281782690ab5993251fdfd75039aad4d20385f",
                "sha256:2762331de395739c91f1abb88041f94a080cb1143aeec791b3b223976228af3f",
                "sha256:283d9de87c0133ef98f93dfc09fad3fb382f2a15580de75c02b5bb36a5a159a5",
                "sha256:3d22662b4b10112c545c91a0741f2436f8ca979ab3d69d03d19322aa970f9695",
                "sha256:41388e32e40b41dd56eb37fcaa7488b2b47b0adf77c66154d6b89622c110dfe9",
                "sha256:42c16cec1c8cf2728f1d539bd55aaa9d6bb48a7de2f41eb944697293ef65a559",
                "sha256:47ee7a839f5885bc0c63a74aabb91f6f40d7d7b639253768c4199b37aede7982",
                "sha256:5a311ee4d983c487a0ab546708edbdd759393a3dc9cd30305170149fedd23c88",
                "sha256:5dc65644f75a4c2970f21394ad8bea1a844104f0fe01f278631be1c7eae27226",
                "sha256:6ed0d073a9c54ac40c41a9c2d53fcc3d4d4ed607670b9e7b0de1ba13b4cbfe6f",
                "sha256:76ba7c40e80f9dc815c5e896330700fd6e20814e69da9c1267d65a4d051080f1",
                "sha256:818b9be7900e8dc23e013a92779135623476f44a0de58b40c32a15368c01d471",
                "sha256:a024181d7aef0004d76fb3bce2a4c9f2e67a609a9e2a6ff2571d30e9976aa383",
                "sha256:a955e4128ac36797aaffd49ab44ec74a71c11d6938df83b1285492d277db5397",
                "sha256:a97a954a8c2f046d3817c2bce16e3c7e9a9c2afffaf0400f5c16df5172a67c9c",
                "sha256:a97e82c39d9856fe7d4f9b86d8a1e66eff99cf3a8b7ba48202f659703d27c46f",
                "sha256:b55b953a1bdb465f4dc181758570d321db4ac23005f90ffd2b434cc6609a63dd",
                "sha256:bb02929b0d6bfab4c48a79bd805bd7419114606947ec8284476167415171f55b",
                "sha256:bece0a4a49e60e472a6d1f70ac6cdea00f9ab80ff01132f96bd970cdd8a9e5a9",
                "sha256:e41e8951749c4b5c9a2dc5fdbc1a4eec6ab2a140fdae9b460b0f557eed870f4d",
                "sha256:f71d57cc8645f14816ae249407d309be250ad8de93ef61d9709b45a0ddf4050c"
            ],
            "index": "pypi",
            "version": "==1.22.0"
        },
        "requests": {
            "hashes": [
                "sha256:6c1246513ecd5ecd4528a0906f910e8f0f9c6b8ec72030dc9fd154dc1a6efd24",
                "sha256:b8aa58f8cf793ffd8782d3d8cb19e66ef36f7aba4353eec859e74678b01b07a7"
            ],
            "index": "pypi",
            "version": "==2.26.0"
        },
        "scipy": {
            "hashes": [
                "sha256:2a0eeaab01258e0870c4022a6cd329aef3b7c6c2b606bd7cf7bb2ba9820ae561",
                "sha256:3304bd5bc32e00954ac4b3f4cc382ca8824719bf348aacbec6347337d6b125fe",
                "sha256:3f52470e0548cdb74fb8ddf06773ffdcca7c97550f903b1c51312ec19243a7f7",
                "sha256:4729b41a4cdaf4cd011aeac816b532f990bdf97710cef59149d3e293115cf467",
                "sha256:4ee952f39a4a4c7ba775a32b664b1f4b74818548b65f765987adc14bb78f5802",
                "sha256:611f9cb459d0707dd8e4de0c96f86e93f61aac7475fcb225e9ec71fecdc5cebf",
                "sha256:6b47d5fa7ea651054362561a28b1ccc8da9368a39514c1bbf6c0977a1c376764",
                "sha256:71cfc96297617eab911e22216e8a8597703202e95636d9406df9af5c2ac99a2b",
                "sha256:787749110a23502031fb1643c55a2236c99c6b989cca703ea2114d65e21728ef",
                "sha256:90c07ba5f34f33299a428b0d4fa24c30d2ceba44d63f8385b2b05be460819fcb",
                "sha256:a496b42dbcd04ea9924f5e92be63af3d8e0f43a274b769bfaca0a297327d54ee",
                "sha256:bc61e3e5ff92d2f32bb263621d54a9cff5e3f7c420af3d1fa122ce2529de2bd9",
                "sha256:c9951e3746b68974125e5e3445008a4163dd6d20ae0bbdae22b38cb8951dc11b",
                "sha256:d1388fbac9dd591ea630da75c455f4cc637a7ca5ecb31a6b6cef430914749cde",
                "sha256:d13f31457f2216e5705304d9f28e2826edf75487410a57aa99263fa4ffd792c2",
                "sha256:d648aa85dd5074b1ed83008ae987c3fbb53d68af619fce1dee231f4d8bd40e2f",
                "sha256:da9c6b336e540def0b7fd65603da8abeb306c5fc9a5f4238665cbbb5ff95cf58",
                "sha256:e101bceeb9e65a90dadbc5ca31283403a2d4667b9c178db29109750568e8d112",
                "sha256:efdd3825d54c58df2cc394366ca4b9166cf940a0ebddeb87b6c10053deb625ea"
            ],
            "index": "pypi",
            "version": "==1.7.1"
        },
        "urllib3": {
            "hashes": [
                "sha256:44ece4d53fb1706f667c9bd1c648f5469a2ec925fcf3a776667042d645472c14",
                "sha256:aabaf16477806a5e1dd19aa41f8c2b7950dd3c746362d7e3223dbe6de6ac448e"
            ],
            "markers": "python_version >= '2.7' and python_version not in '3.0, 3.1, 3.2, 3.3, 3.4' and python_version < '4'",
            "version": "==1.26.9"
        }
    },
    "develop": {}
}
